{
  "nodes": {
    "crane": {
      "locked": {
        "lastModified": 1787275140,
        "narHash": "sha256-PqFGJPOBHd+Nbz008oDcEiCB+kEkb+JSuG097qLvP2Q=",
        "owner": "ipetkov",
        "repo": "crane",
        "rev": "a1a1116e8ec16f03bcc23e5c77db557a5fc9b4d6",
        "type": "github"
      },
      "original": {
        "owner": "ipetkov",
        "repo": "crane",
        "type": "github"
      }
    },
    "nixpkgs": {
      "locked": {
        "lastModified": 1787280740,
        "narHash": "sha256-vLs7UdQeBZUAq/TEpgj6rC46jZNmgblsdJzVmKurLeo=",
        "owner": "NixOS",
        "repo": "nixpkgs",
        "rev": "48ff2bf32338a58056cca6ae6780db4aeed58900",
        "type": "github"
      },
      "original": {
        "owner": "NixOS",
        "repo": "nixpkgs",
        "type": "github"
      }
    },
    "root": {
      "inputs": {
        "crane": "crane",
        "nixpkgs": "nixpkgs"
      }
    }
  },
  "root": "root",
  "version": 7
}
